
Microsoft Visual Studio Solution File, Format Version 12.00
# Visual Studio Version 16
VisualStudioVersion = 16.0.29519.161
MinimumVisualStudioVersion = 10.0.40219.1
Project("{FAE04EC0-301F-11D3-BF4B-00C04F79EFBC}") = "sp_client", "sp_client\sp_client.csproj", "{F9B4F681-8572-4A97-B082-D9E344A499D4}"
EndProject
Project("{FAE04EC0-301F-11D3-BF4B-00C04F79EFBC}") = "Data", "Data\Data.csproj", "{5EB7F98F-D541-4A99-9E06-C0C4518068D7}"
EndProject
Project("{FAE04EC0-301F-11D3-BF4B-00C04F79EFBC}") = "Logic", "Logic\Logic.csproj", "{16A1B010-C76E-47EF-BCE6-4C7A76892149}"
EndProject
Project("{FAE04EC0-301F-11D3-BF4B-00C04F79EFBC}") = "Exceptions", "Exceptions\Exceptions.csproj", "{6FA2670C-0786-48EC-8EC9-65A6CB18A4D8}"
EndProject
Global
	GlobalSection(SolutionConfigurationPlatforms) = preSolution
		Debug|Any CPU = Debug|Any CPU
		Release|Any CPU = Release|Any CPU
	EndGlobalSection
	GlobalSection(ProjectConfigurationPlatforms) = postSolution
		{F9B4F681-8572-4A97-B082-D9E344A499D4}.Debug|Any CPU.ActiveCfg = Debug|Any CPU
		{F9B4F681-8572-4A97-B082-D9E344A499D4}.Debug|Any CPU.Build.0 = Debug|Any CPU
		{F9B4F681-8572-4A97-B082-D9E344A499D4}.Release|Any CPU.ActiveCfg = Release|Any CPU
		{F9B4F681-8572-4A97-B082-D9E344A499D4}.Release|Any CPU.Build.0 = Release|Any CPU
		{5EB7F98F-D541-4A99-9E06-C0C4518068D7}.Debug|Any CPU.ActiveCfg = Debug|Any CPU
		{5EB7F98F-D541-4A99-9E06-C0C4518068D7}.Debug|Any CPU.Build.0 = Debug|Any CPU
		{5EB7F98F-D541-4A99-9E06-C0C4518068D7}.Release|Any CPU.ActiveCfg = Release|Any CPU
		{5EB7F98F-D541-4A99-9E06-C0C4518068D7}.Release|Any CPU.Build.0 = Release|Any CPU
		{16A1B010-C76E-47EF-BCE6-4C7A76892149}.Debug|Any CPU.ActiveCfg = Debug|Any CPU
		{16A1B010-C76E-47EF-BCE6-4C7A76892149}.Debug|Any CPU.Build.0 = Debug|Any CPU
		{16A1B010-C76E-47EF-BCE6-4C7A76892149}.Release|Any CPU.ActiveCfg = Release|Any CPU
		{16A1B010-C76E-47EF-BCE6-4C7A76892149}.Release|Any CPU.Build.0 = Release|Any CPU
		{6FA2670C-0786-48EC-8EC9-65A6CB18A4D8}.Debug|Any CPU.ActiveCfg = Debug|Any CPU
		{6FA2670C-0786-48EC-8EC9-65A6CB18A4D8}.Debug|Any CPU.Build.0 = Debug|Any CPU
		{6FA2670C-0786-48EC-8EC9-65A6CB18A4D8}.Release|Any CPU.ActiveCfg = Release|Any CPU
		{6FA2670C-0786-48EC-8EC9-65A6CB18A4D8}.Release|Any CPU.Build.0 = Release|Any CPU
	EndGlobalSection
	GlobalSection(SolutionProperties) = preSolution
		HideSolutionNode = FALSE
	EndGlobalSection
	GlobalSection(ExtensibilityGlobals) = postSolution
		SolutionGuid = {3A6C0A30-5290-479E-A0B4-A911FCDE42C6}
	EndGlobalSection
EndGlobal
